// !$*UTF8*$!
{
	archiveVersion = 1;
	classes = {
	};
	objectVersion = 51;
	objects = {

/* Begin PBXBuildFile section */
		578B656ADD550D5BC0640952 /* Pods_EventlyTests.framework in Frameworks */ = {isa = PBXBuildFile; fileRef = FDAB4CFE2FFFC5AB90DF147D /* Pods_EventlyTests.framework */; };
		8C12223C2581DD6B00ABF35F /* AppDelegate.swift in Sources */ = {isa = PBXBuildFile; fileRef = 8C12223B2581DD6B00ABF35F /* AppDelegate.swift */; };
		8C12223E2581DD6B00ABF35F /* SceneDelegate.swift in Sources */ = {isa = PBXBuildFile; fileRef = 8C12223D2581DD6B00ABF35F /* SceneDelegate.swift */; };
		8C1222402581DD6B00ABF35F /* EventViewController.swift in Sources */ = {isa = PBXBuildFile; fileRef = 8C12223F2581DD6B00ABF35F /* EventViewController.swift */; };
		8C1222432581DD6B00ABF35F /* Main.storyboard in Resources */ = {isa = PBXBuildFile; fileRef = 8C1222412581DD6B00ABF35F /* Main.storyboard */; };
		8C1222452581DD7000ABF35F /* Assets.xcassets in Resources */ = {isa = PBXBuildFile; fileRef = 8C1222442581DD7000ABF35F /* Assets.xcassets */; };
		8C1222482581DD7000ABF35F /* LaunchScreen.storyboard in Resources */ = {isa = PBXBuildFile; fileRef = 8C1222462581DD7000ABF35F /* LaunchScreen.storyboard */; };
		8C1222532581DD7000ABF35F /* EventManagerTests.swift in Sources */ = {isa = PBXBuildFile; fileRef = 8C1222522581DD7000ABF35F /* EventManagerTests.swift */; };
		8C12225E2581DD7000ABF35F /* EventlyUITests.swift in Sources */ = {isa = PBXBuildFile; fileRef = 8C12225D2581DD7000ABF35F /* EventlyUITests.swift */; };
		8C1848392583341700F925B6 /* Constants.swift in Sources */ = {isa = PBXBuildFile; fileRef = 8C1848382583341700F925B6 /* Constants.swift */; };
		8C18484125867F9E00F925B6 /* EventData.swift in Sources */ = {isa = PBXBuildFile; fileRef = 8C18484025867F9E00F925B6 /* EventData.swift */; };
		8C18484C2586894700F925B6 /* EventManager.swift in Sources */ = {isa = PBXBuildFile; fileRef = 8C18484B2586894700F925B6 /* EventManager.swift */; };
		8C1848762586EAEE00F925B6 /* EventModel.swift in Sources */ = {isa = PBXBuildFile; fileRef = 8C1848752586EAEE00F925B6 /* EventModel.swift */; };
		8C3D3A4B264C5602002ECC13 /* DateTimeFormatterTests.swift in Sources */ = {isa = PBXBuildFile; fileRef = 8C3D3A4A264C5602002ECC13 /* DateTimeFormatterTests.swift */; };
		8C3D3A4F264C5A15002ECC13 /* MockDateFormatter.swift in Sources */ = {isa = PBXBuildFile; fileRef = 8C3D3A4E264C5A15002ECC13 /* MockDateFormatter.swift */; };
		8C50799726470B6D001E5600 /* EventCell.swift in Sources */ = {isa = PBXBuildFile; fileRef = 8C92A11C25B4FA23007B1B42 /* EventCell.swift */; };
		8C50799A264C1897001E5600 /* DateTimeFormatter.swift in Sources */ = {isa = PBXBuildFile; fileRef = 8C507999264C1897001E5600 /* DateTimeFormatter.swift */; };
		8C720AAB25A0E7A7008717EE /* MockURLSession.swift in Sources */ = {isa = PBXBuildFile; fileRef = 8C720AAA25A0E7A7008717EE /* MockURLSession.swift */; };
		8C72F0CD25A13BA4007E3220 /* successful-seat-geek-api-data.json in Resources */ = {isa = PBXBuildFile; fileRef = 8C72F0CC25A13BA4007E3220 /* successful-seat-geek-api-data.json */; };
		8C72F0D425A14090007E3220 /* successful-seat-geek-api-data.json in Resources */ = {isa = PBXBuildFile; fileRef = 8C72F0CC25A13BA4007E3220 /* successful-seat-geek-api-data.json */; };
		8C72F0DC25B236B5007E3220 /* NetworkingProtocols.swift in Sources */ = {isa = PBXBuildFile; fileRef = 8C72F0DB25B236B5007E3220 /* NetworkingProtocols.swift */; };
		8C72F0E425B23795007E3220 /* MockURLSessionDataTask.swift in Sources */ = {isa = PBXBuildFile; fileRef = 8C72F0E325B23795007E3220 /* MockURLSessionDataTask.swift */; };
		8C82A155258A8C76005CA9C6 /* MultiImageManager.swift in Sources */ = {isa = PBXBuildFile; fileRef = 8C82A154258A8C76005CA9C6 /* MultiImageManager.swift */; };
		8C92A11E25B4FA23007B1B42 /* EventCell.swift in Sources */ = {isa = PBXBuildFile; fileRef = 8C92A11C25B4FA23007B1B42 /* EventCell.swift */; };
		8C92A12025B4FA23007B1B42 /* EventCell.xib in Resources */ = {isa = PBXBuildFile; fileRef = 8C92A11D25B4FA23007B1B42 /* EventCell.xib */; };
		8C92A12125B4FA23007B1B42 /* EventCell.xib in Resources */ = {isa = PBXBuildFile; fileRef = 8C92A11D25B4FA23007B1B42 /* EventCell.xib */; };
		8CD2B51325B241B20009156D /* NetworkingProtocols.swift in Resources */ = {isa = PBXBuildFile; fileRef = 8C72F0DB25B236B5007E3220 /* NetworkingProtocols.swift */; };
		B261C3BA92B95C905777A8F8 /* Pods_Evently.framework in Frameworks */ = {isa = PBXBuildFile; fileRef = 43E6ACE853B53624F3727D7E /* Pods_Evently.framework */; };
		CC27BE2F3A0B41FF7FCDAF94 /* Pods_Evently_EventlyUITests.framework in Frameworks */ = {isa = PBXBuildFile; fileRef = 2A30D91229DB27004D06E6E2 /* Pods_Evently_EventlyUITests.framework */; };
/* End PBXBuildFile section */

/* Begin PBXContainerItemProxy section */
		8C12224F2581DD7000ABF35F /* PBXContainerItemProxy */ = {
			isa = PBXContainerItemProxy;
			containerPortal = 8C1222302581DD6B00ABF35F /* Project object */;
			proxyType = 1;
			remoteGlobalIDString = 8C1222372581DD6B00ABF35F;
			remoteInfo = Evently;
		};
		8C12225A2581DD7000ABF35F /* PBXContainerItemProxy */ = {
			isa = PBXContainerItemProxy;
			containerPortal = 8C1222302581DD6B00ABF35F /* Project object */;
			proxyType = 1;
			remoteGlobalIDString = 8C1222372581DD6B00ABF35F;
			remoteInfo = Evently;
		};
/* End PBXContainerItemProxy section */

/* Begin PBXFileReference section */
		2A30D91229DB27004D06E6E2 /* Pods_Evently_EventlyUITests.framework */ = {isa = PBXFileReference; explicitFileType = wrapper.framework; includeInIndex = 0; path = Pods_Evently_EventlyUITests.framework; sourceTree = BUILT_PRODUCTS_DIR; };
		2BD30B08A9A778B6C9E07BF9 /* Pods-EventlyTests.debug.xcconfig */ = {isa = PBXFileReference; includeInIndex = 1; lastKnownFileType = text.xcconfig; name = "Pods-EventlyTests.debug.xcconfig"; path = "Target Support Files/Pods-EventlyTests/Pods-EventlyTests.debug.xcconfig"; sourceTree = "<group>"; };
		43E6ACE853B53624F3727D7E /* Pods_Evently.framework */ = {isa = PBXFileReference; explicitFileType = wrapper.framework; includeInIndex = 0; path = Pods_Evently.framework; sourceTree = BUILT_PRODUCTS_DIR; };
		490916D6A713E238B2C16317 /* Pods-Evently.release.xcconfig */ = {isa = PBXFileReference; includeInIndex = 1; lastKnownFileType = text.xcconfig; name = "Pods-Evently.release.xcconfig"; path = "Target Support Files/Pods-Evently/Pods-Evently.release.xcconfig"; sourceTree = "<group>"; };
		874ED60902F67502CAABD823 /* Pods-Evently-EventlyUITests.debug.xcconfig */ = {isa = PBXFileReference; includeInIndex = 1; lastKnownFileType = text.xcconfig; name = "Pods-Evently-EventlyUITests.debug.xcconfig"; path = "Target Support Files/Pods-Evently-EventlyUITests/Pods-Evently-EventlyUITests.debug.xcconfig"; sourceTree = "<group>"; };
		8AE9671C4D6B7CEDD9617D30 /* Pods-Evently.debug.xcconfig */ = {isa = PBXFileReference; includeInIndex = 1; lastKnownFileType = text.xcconfig; name = "Pods-Evently.debug.xcconfig"; path = "Target Support Files/Pods-Evently/Pods-Evently.debug.xcconfig"; sourceTree = "<group>"; };
		8C1222382581DD6B00ABF35F /* Evently.app */ = {isa = PBXFileReference; explicitFileType = wrapper.application; includeInIndex = 0; path = Evently.app; sourceTree = BUILT_PRODUCTS_DIR; };
		8C12223B2581DD6B00ABF35F /* AppDelegate.swift */ = {isa = PBXFileReference; lastKnownFileType = sourcecode.swift; path = AppDelegate.swift; sourceTree = "<group>"; };
		8C12223D2581DD6B00ABF35F /* SceneDelegate.swift */ = {isa = PBXFileReference; lastKnownFileType = sourcecode.swift; path = SceneDelegate.swift; sourceTree = "<group>"; };
		8C12223F2581DD6B00ABF35F /* EventViewController.swift */ = {isa = PBXFileReference; lastKnownFileType = sourcecode.swift; path = EventViewController.swift; sourceTree = "<group>"; };
		8C1222422581DD6B00ABF35F /* Base */ = {isa = PBXFileReference; lastKnownFileType = file.storyboard; name = Base; path = Base.lproj/Main.storyboard; sourceTree = "<group>"; };
		8C1222442581DD7000ABF35F /* Assets.xcassets */ = {isa = PBXFileReference; lastKnownFileType = folder.assetcatalog; path = Assets.xcassets; sourceTree = "<group>"; };
		8C1222472581DD7000ABF35F /* Base */ = {isa = PBXFileReference; lastKnownFileType = file.storyboard; name = Base; path = Base.lproj/LaunchScreen.storyboard; sourceTree = "<group>"; };
		8C1222492581DD7000ABF35F /* Info.plist */ = {isa = PBXFileReference; lastKnownFileType = text.plist.xml; path = Info.plist; sourceTree = "<group>"; };
		8C12224E2581DD7000ABF35F /* EventlyTests.xctest */ = {isa = PBXFileReference; explicitFileType = wrapper.cfbundle; includeInIndex = 0; path = EventlyTests.xctest; sourceTree = BUILT_PRODUCTS_DIR; };
		8C1222522581DD7000ABF35F /* EventManagerTests.swift */ = {isa = PBXFileReference; lastKnownFileType = sourcecode.swift; path = EventManagerTests.swift; sourceTree = "<group>"; };
		8C1222542581DD7000ABF35F /* Info.plist */ = {isa = PBXFileReference; lastKnownFileType = text.plist.xml; path = Info.plist; sourceTree = "<group>"; };
		8C1222592581DD7000ABF35F /* EventlyUITests.xctest */ = {isa = PBXFileReference; explicitFileType = wrapper.cfbundle; includeInIndex = 0; path = EventlyUITests.xctest; sourceTree = BUILT_PRODUCTS_DIR; };
		8C12225D2581DD7000ABF35F /* EventlyUITests.swift */ = {isa = PBXFileReference; lastKnownFileType = sourcecode.swift; path = EventlyUITests.swift; sourceTree = "<group>"; };
		8C12225F2581DD7000ABF35F /* Info.plist */ = {isa = PBXFileReference; lastKnownFileType = text.plist.xml; path = Info.plist; sourceTree = "<group>"; };
		8C1848382583341700F925B6 /* Constants.swift */ = {isa = PBXFileReference; lastKnownFileType = sourcecode.swift; path = Constants.swift; sourceTree = "<group>"; };
		8C18484025867F9E00F925B6 /* EventData.swift */ = {isa = PBXFileReference; lastKnownFileType = sourcecode.swift; path = EventData.swift; sourceTree = "<group>"; };
		8C18484B2586894700F925B6 /* EventManager.swift */ = {isa = PBXFileReference; lastKnownFileType = sourcecode.swift; path = EventManager.swift; sourceTree = "<group>"; };
		8C1848752586EAEE00F925B6 /* EventModel.swift */ = {isa = PBXFileReference; lastKnownFileType = sourcecode.swift; path = EventModel.swift; sourceTree = "<group>"; };
		8C3D3A4A264C5602002ECC13 /* DateTimeFormatterTests.swift */ = {isa = PBXFileReference; lastKnownFileType = sourcecode.swift; path = DateTimeFormatterTests.swift; sourceTree = "<group>"; };
		8C3D3A4E264C5A15002ECC13 /* MockDateFormatter.swift */ = {isa = PBXFileReference; lastKnownFileType = sourcecode.swift; path = MockDateFormatter.swift; sourceTree = "<group>"; };
		8C507999264C1897001E5600 /* DateTimeFormatter.swift */ = {isa = PBXFileReference; lastKnownFileType = sourcecode.swift; path = DateTimeFormatter.swift; sourceTree = "<group>"; };
		8C720AAA25A0E7A7008717EE /* MockURLSession.swift */ = {isa = PBXFileReference; lastKnownFileType = sourcecode.swift; path = MockURLSession.swift; sourceTree = "<group>"; };
		8C72F0CC25A13BA4007E3220 /* successful-seat-geek-api-data.json */ = {isa = PBXFileReference; lastKnownFileType = text.json; path = "successful-seat-geek-api-data.json"; sourceTree = "<group>"; };
		8C72F0DB25B236B5007E3220 /* NetworkingProtocols.swift */ = {isa = PBXFileReference; lastKnownFileType = sourcecode.swift; path = NetworkingProtocols.swift; sourceTree = "<group>"; };
		8C72F0E325B23795007E3220 /* MockURLSessionDataTask.swift */ = {isa = PBXFileReference; lastKnownFileType = sourcecode.swift; path = MockURLSessionDataTask.swift; sourceTree = "<group>"; };
		8C82A154258A8C76005CA9C6 /* MultiImageManager.swift */ = {isa = PBXFileReference; lastKnownFileType = sourcecode.swift; path = MultiImageManager.swift; sourceTree = "<group>"; };
		8C92A11C25B4FA23007B1B42 /* EventCell.swift */ = {isa = PBXFileReference; lastKnownFileType = sourcecode.swift; path = EventCell.swift; sourceTree = "<group>"; };
		8C92A11D25B4FA23007B1B42 /* EventCell.xib */ = {isa = PBXFileReference; lastKnownFileType = file.xib; path = EventCell.xib; sourceTree = "<group>"; };
		AF8FFD1EC5792A5425CC868C /* Pods-Evently-EventlyUITests.release.xcconfig */ = {isa = PBXFileReference; includeInIndex = 1; lastKnownFileType = text.xcconfig; name = "Pods-Evently-EventlyUITests.release.xcconfig"; path = "Target Support Files/Pods-Evently-EventlyUITests/Pods-Evently-EventlyUITests.release.xcconfig"; sourceTree = "<group>"; };
		DD97871629BCFC3F628C5141 /* Pods-EventlyTests.release.xcconfig */ = {isa = PBXFileReference; includeInIndex = 1; lastKnownFileType = text.xcconfig; name = "Pods-EventlyTests.release.xcconfig"; path = "Target Support Files/Pods-EventlyTests/Pods-EventlyTests.release.xcconfig"; sourceTree = "<group>"; };
		FDAB4CFE2FFFC5AB90DF147D /* Pods_EventlyTests.framework */ = {isa = PBXFileReference; explicitFileType = wrapper.framework; includeInIndex = 0; path = Pods_EventlyTests.framework; sourceTree = BUILT_PRODUCTS_DIR; };
/* End PBXFileReference section */

/* Begin PBXFrameworksBuildPhase section */
		8C1222352581DD6B00ABF35F /* Frameworks */ = {
			isa = PBXFrameworksBuildPhase;
			buildActionMask = 2147483647;
			files = (
				B261C3BA92B95C905777A8F8 /* Pods_Evently.framework in Frameworks */,
			);
			runOnlyForDeploymentPostprocessing = 0;
		};
		8C12224B2581DD7000ABF35F /* Frameworks */ = {
			isa = PBXFrameworksBuildPhase;
			buildActionMask = 2147483647;
			files = (
				578B656ADD550D5BC0640952 /* Pods_EventlyTests.framework in Frameworks */,
			);
			runOnlyForDeploymentPostprocessing = 0;
		};
		8C1222562581DD7000ABF35F /* Frameworks */ = {
			isa = PBXFrameworksBuildPhase;
			buildActionMask = 2147483647;
			files = (
				CC27BE2F3A0B41FF7FCDAF94 /* Pods_Evently_EventlyUITests.framework in Frameworks */,
			);
			runOnlyForDeploymentPostprocessing = 0;
		};
/* End PBXFrameworksBuildPhase section */

/* Begin PBXGroup section */
		59F9531DF501A42B29357AC9 /* Pods */ = {
			isa = PBXGroup;
			children = (
				8AE9671C4D6B7CEDD9617D30 /* Pods-Evently.debug.xcconfig */,
				490916D6A713E238B2C16317 /* Pods-Evently.release.xcconfig */,
				874ED60902F67502CAABD823 /* Pods-Evently-EventlyUITests.debug.xcconfig */,
				AF8FFD1EC5792A5425CC868C /* Pods-Evently-EventlyUITests.release.xcconfig */,
				2BD30B08A9A778B6C9E07BF9 /* Pods-EventlyTests.debug.xcconfig */,
				DD97871629BCFC3F628C5141 /* Pods-EventlyTests.release.xcconfig */,
			);
			path = Pods;
			sourceTree = "<group>";
		};
		8C12222F2581DD6B00ABF35F = {
			isa = PBXGroup;
			children = (
				8C12223A2581DD6B00ABF35F /* Evently */,
				8C1222512581DD7000ABF35F /* EventlyTests */,
				8C12225C2581DD7000ABF35F /* EventlyUITests */,
				8C1222392581DD6B00ABF35F /* Products */,
				59F9531DF501A42B29357AC9 /* Pods */,
				FEA50353606451F86C1184D8 /* Frameworks */,
			);
			sourceTree = "<group>";
		};
		8C1222392581DD6B00ABF35F /* Products */ = {
			isa = PBXGroup;
			children = (
				8C1222382581DD6B00ABF35F /* Evently.app */,
				8C12224E2581DD7000ABF35F /* EventlyTests.xctest */,
				8C1222592581DD7000ABF35F /* EventlyUITests.xctest */,
			);
			name = Products;
			sourceTree = "<group>";
		};
		8C12223A2581DD6B00ABF35F /* Evently */ = {
			isa = PBXGroup;
			children = (
				8C507998264C1837001E5600 /* Utilities */,
				8C18483F25867EC500F925B6 /* Controller */,
				8C18483E25867EB900F925B6 /* Model */,
				8C18483D25867E8D00F925B6 /* View */,
				8C12223B2581DD6B00ABF35F /* AppDelegate.swift */,
				8C12223D2581DD6B00ABF35F /* SceneDelegate.swift */,
				8C1222442581DD7000ABF35F /* Assets.xcassets */,
				8C1222492581DD7000ABF35F /* Info.plist */,
				8C1848382583341700F925B6 /* Constants.swift */,
			);
			path = Evently;
			sourceTree = "<group>";
		};
		8C1222512581DD7000ABF35F /* EventlyTests */ = {
			isa = PBXGroup;
			children = (
				8C72F0CB25A13B67007E3220 /* Resources */,
				8C720AA925A0E780008717EE /* Mocks */,
				8C1222522581DD7000ABF35F /* EventManagerTests.swift */,
				8C1222542581DD7000ABF35F /* Info.plist */,
				8C3D3A4A264C5602002ECC13 /* DateTimeFormatterTests.swift */,
			);
			path = EventlyTests;
			sourceTree = "<group>";
		};
		8C12225C2581DD7000ABF35F /* EventlyUITests */ = {
			isa = PBXGroup;
			children = (
				8C12225D2581DD7000ABF35F /* EventlyUITests.swift */,
				8C12225F2581DD7000ABF35F /* Info.plist */,
			);
			path = EventlyUITests;
			sourceTree = "<group>";
		};
		8C18483D25867E8D00F925B6 /* View */ = {
			isa = PBXGroup;
			children = (
				8C1222412581DD6B00ABF35F /* Main.storyboard */,
				8C1222462581DD7000ABF35F /* LaunchScreen.storyboard */,
				8C92A11C25B4FA23007B1B42 /* EventCell.swift */,
				8C92A11D25B4FA23007B1B42 /* EventCell.xib */,
			);
			path = View;
			sourceTree = "<group>";
		};
		8C18483E25867EB900F925B6 /* Model */ = {
			isa = PBXGroup;
			children = (
				8C18484025867F9E00F925B6 /* EventData.swift */,
				8C18484B2586894700F925B6 /* EventManager.swift */,
				8C1848752586EAEE00F925B6 /* EventModel.swift */,
				8C82A154258A8C76005CA9C6 /* MultiImageManager.swift */,
				8C72F0DB25B236B5007E3220 /* NetworkingProtocols.swift */,
			);
			path = Model;
			sourceTree = "<group>";
		};
		8C18483F25867EC500F925B6 /* Controller */ = {
			isa = PBXGroup;
			children = (
				8C12223F2581DD6B00ABF35F /* EventViewController.swift */,
			);
			path = Controller;
			sourceTree = "<group>";
		};
		8C507998264C1837001E5600 /* Utilities */ = {
			isa = PBXGroup;
			children = (
				8C507999264C1897001E5600 /* DateTimeFormatter.swift */,
			);
			path = Utilities;
			sourceTree = "<group>";
		};
		8C720AA925A0E780008717EE /* Mocks */ = {
			isa = PBXGroup;
			children = (
				8C720AAA25A0E7A7008717EE /* MockURLSession.swift */,
				8C72F0E325B23795007E3220 /* MockURLSessionDataTask.swift */,
				8C3D3A4E264C5A15002ECC13 /* MockDateFormatter.swift */,
			);
			path = Mocks;
			sourceTree = "<group>";
		};
		8C72F0CB25A13B67007E3220 /* Resources */ = {
			isa = PBXGroup;
			children = (
				8C72F0CC25A13BA4007E3220 /* successful-seat-geek-api-data.json */,
			);
			path = Resources;
			sourceTree = "<group>";
		};
		FEA50353606451F86C1184D8 /* Frameworks */ = {
			isa = PBXGroup;
			children = (
				43E6ACE853B53624F3727D7E /* Pods_Evently.framework */,
				2A30D91229DB27004D06E6E2 /* Pods_Evently_EventlyUITests.framework */,
				FDAB4CFE2FFFC5AB90DF147D /* Pods_EventlyTests.framework */,
			);
			name = Frameworks;
			sourceTree = "<group>";
		};
/* End PBXGroup section */

/* Begin PBXNativeTarget section */
		8C1222372581DD6B00ABF35F /* Evently */ = {
			isa = PBXNativeTarget;
			buildConfigurationList = 8C1222622581DD7000ABF35F /* Build configuration list for PBXNativeTarget "Evently" */;
			buildPhases = (
				135057451A5A204438E37524 /* [CP] Check Pods Manifest.lock */,
				8C1222342581DD6B00ABF35F /* Sources */,
				8C1222352581DD6B00ABF35F /* Frameworks */,
				8C1222362581DD6B00ABF35F /* Resources */,
				B8D6280D5C198530FB003D93 /* [CP] Embed Pods Frameworks */,
			);
			buildRules = (
			);
			dependencies = (
			);
			name = Evently;
			productName = Evently;
			productReference = 8C1222382581DD6B00ABF35F /* Evently.app */;
			productType = "com.apple.product-type.application";
		};
		8C12224D2581DD7000ABF35F /* EventlyTests */ = {
			isa = PBXNativeTarget;
			buildConfigurationList = 8C1222652581DD7000ABF35F /* Build configuration list for PBXNativeTarget "EventlyTests" */;
			buildPhases = (
				E5CD1CEF36F51C2CEE47E553 /* [CP] Check Pods Manifest.lock */,
				8C12224A2581DD7000ABF35F /* Sources */,
				8C12224B2581DD7000ABF35F /* Frameworks */,
				8C12224C2581DD7000ABF35F /* Resources */,
			);
			buildRules = (
			);
			dependencies = (
				8C1222502581DD7000ABF35F /* PBXTargetDependency */,
			);
			name = EventlyTests;
			productName = EventlyTests;
			productReference = 8C12224E2581DD7000ABF35F /* EventlyTests.xctest */;
			productType = "com.apple.product-type.bundle.unit-test";
		};
		8C1222582581DD7000ABF35F /* EventlyUITests */ = {
			isa = PBXNativeTarget;
			buildConfigurationList = 8C1222682581DD7000ABF35F /* Build configuration list for PBXNativeTarget "EventlyUITests" */;
			buildPhases = (
				78644F16756A2236605E1487 /* [CP] Check Pods Manifest.lock */,
				8C1222552581DD7000ABF35F /* Sources */,
				8C1222562581DD7000ABF35F /* Frameworks */,
				8C1222572581DD7000ABF35F /* Resources */,
				80EF2E133DA44D2040698C3A /* [CP] Embed Pods Frameworks */,
			);
			buildRules = (
			);
			dependencies = (
				8C12225B2581DD7000ABF35F /* PBXTargetDependency */,
			);
			name = EventlyUITests;
			productName = EventlyUITests;
			productReference = 8C1222592581DD7000ABF35F /* EventlyUITests.xctest */;
			productType = "com.apple.product-type.bundle.ui-testing";
		};
/* End PBXNativeTarget section */

/* Begin PBXProject section */
		8C1222302581DD6B00ABF35F /* Project object */ = {
			isa = PBXProject;
			attributes = {
				LastSwiftUpdateCheck = 1220;
				LastUpgradeCheck = 1220;
				TargetAttributes = {
					8C1222372581DD6B00ABF35F = {
						CreatedOnToolsVersion = 12.2;
					};
					8C12224D2581DD7000ABF35F = {
						CreatedOnToolsVersion = 12.2;
						TestTargetID = 8C1222372581DD6B00ABF35F;
					};
					8C1222582581DD7000ABF35F = {
						CreatedOnToolsVersion = 12.2;
						TestTargetID = 8C1222372581DD6B00ABF35F;
					};
				};
			};
			buildConfigurationList = 8C1222332581DD6B00ABF35F /* Build configuration list for PBXProject "Evently" */;
			compatibilityVersion = "Xcode 9.3";
			developmentRegion = en;
			hasScannedForEncodings = 0;
			knownRegions = (
				en,
				Base,
			);
			mainGroup = 8C12222F2581DD6B00ABF35F;
			productRefGroup = 8C1222392581DD6B00ABF35F /* Products */;
			projectDirPath = "";
			projectRoot = "";
			targets = (
				8C1222372581DD6B00ABF35F /* Evently */,
				8C12224D2581DD7000ABF35F /* EventlyTests */,
				8C1222582581DD7000ABF35F /* EventlyUITests */,
			);
		};
/* End PBXProject section */

/* Begin PBXResourcesBuildPhase section */
		8C1222362581DD6B00ABF35F /* Resources */ = {
			isa = PBXResourcesBuildPhase;
			buildActionMask = 2147483647;
			files = (
				8C72F0D425A14090007E3220 /* successful-seat-geek-api-data.json in Resources */,
				8C1222482581DD7000ABF35F /* LaunchScreen.storyboard in Resources */,
				8C1222452581DD7000ABF35F /* Assets.xcassets in Resources */,
				8C92A12025B4FA23007B1B42 /* EventCell.xib in Resources */,
				8C1222432581DD6B00ABF35F /* Main.storyboard in Resources */,
			);
			runOnlyForDeploymentPostprocessing = 0;
		};
		8C12224C2581DD7000ABF35F /* Resources */ = {
			isa = PBXResourcesBuildPhase;
			buildActionMask = 2147483647;
			files = (
				8CD2B51325B241B20009156D /* NetworkingProtocols.swift in Resources */,
				8C72F0CD25A13BA4007E3220 /* successful-seat-geek-api-data.json in Resources */,
			);
			runOnlyForDeploymentPostprocessing = 0;
		};
		8C1222572581DD7000ABF35F /* Resources */ = {
			isa = PBXResourcesBuildPhase;
			buildActionMask = 2147483647;
			files = (
				8C92A12125B4FA23007B1B42 /* EventCell.xib in Resources */,
			);
			runOnlyForDeploymentPostprocessing = 0;
		};
/* End PBXResourcesBuildPhase section */

/* Begin PBXShellScriptBuildPhase section */
		135057451A5A204438E37524 /* [CP] Check Pods Manifest.lock */ = {
			isa = PBXShellScriptBuildPhase;
			buildActionMask = 2147483647;
			files = (
			);
			inputFileListPaths = (
			);
			inputPaths = (
				"${PODS_PODFILE_DIR_PATH}/Podfile.lock",
				"${PODS_ROOT}/Manifest.lock",
			);
			name = "[CP] Check Pods Manifest.lock";
			outputFileListPaths = (
			);
			outputPaths = (
				"$(DERIVED_FILE_DIR)/Pods-Evently-checkManifestLockResult.txt",
			);
			runOnlyForDeploymentPostprocessing = 0;
			shellPath = /bin/sh;
			shellScript = "diff \"${PODS_PODFILE_DIR_PATH}/Podfile.lock\" \"${PODS_ROOT}/Manifest.lock\" > /dev/null\nif [ $? != 0 ] ; then\n    # print error to STDERR\n    echo \"error: The sandbox is not in sync with the Podfile.lock. Run 'pod install' or update your CocoaPods installation.\" >&2\n    exit 1\nfi\n# This output is used by Xcode 'outputs' to avoid re-running this script phase.\necho \"SUCCESS\" > \"${SCRIPT_OUTPUT_FILE_0}\"\n";
			showEnvVarsInLog = 0;
		};
		78644F16756A2236605E1487 /* [CP] Check Pods Manifest.lock */ = {
			isa = PBXShellScriptBuildPhase;
			buildActionMask = 2147483647;
			files = (
			);
			inputFileListPaths = (
			);
			inputPaths = (
				"${PODS_PODFILE_DIR_PATH}/Podfile.lock",
				"${PODS_ROOT}/Manifest.lock",
			);
			name = "[CP] Check Pods Manifest.lock";
			outputFileListPaths = (
			);
			outputPaths = (
				"$(DERIVED_FILE_DIR)/Pods-Evently-EventlyUITests-checkManifestLockResult.txt",
			);
			runOnlyForDeploymentPostprocessing = 0;
			shellPath = /bin/sh;
			shellScript = "diff \"${PODS_PODFILE_DIR_PATH}/Podfile.lock\" \"${PODS_ROOT}/Manifest.lock\" > /dev/null\nif [ $? != 0 ] ; then\n    # print error to STDERR\n    echo \"error: The sandbox is not in sync with the Podfile.lock. Run 'pod install' or update your CocoaPods installation.\" >&2\n    exit 1\nfi\n# This output is used by Xcode 'outputs' to avoid re-running this script phase.\necho \"SUCCESS\" > \"${SCRIPT_OUTPUT_FILE_0}\"\n";
			showEnvVarsInLog = 0;
		};
		80EF2E133DA44D2040698C3A /* [CP] Embed Pods Frameworks */ = {
			isa = PBXShellScriptBuildPhase;
			buildActionMask = 2147483647;
			files = (
			);
			inputFileListPaths = (
				"${PODS_ROOT}/Target Support Files/Pods-Evently-EventlyUITests/Pods-Evently-EventlyUITests-frameworks-${CONFIGURATION}-input-files.xcfilelist",
			);
			name = "[CP] Embed Pods Frameworks";
			outputFileListPaths = (
				"${PODS_ROOT}/Target Support Files/Pods-Evently-EventlyUITests/Pods-Evently-EventlyUITests-frameworks-${CONFIGURATION}-output-files.xcfilelist",
			);
			runOnlyForDeploymentPostprocessing = 0;
			shellPath = /bin/sh;
			shellScript = "\"${PODS_ROOT}/Target Support Files/Pods-Evently-EventlyUITests/Pods-Evently-EventlyUITests-frameworks.sh\"\n";
			showEnvVarsInLog = 0;
		};
		B8D6280D5C198530FB003D93 /* [CP] Embed Pods Frameworks */ = {
			isa = PBXShellScriptBuildPhase;
			buildActionMask = 2147483647;
			files = (
			);
			inputFileListPaths = (
				"${PODS_ROOT}/Target Support Files/Pods-Evently/Pods-Evently-frameworks-${CONFIGURATION}-input-files.xcfilelist",
			);
			name = "[CP] Embed Pods Frameworks";
			outputFileListPaths = (
				"${PODS_ROOT}/Target Support Files/Pods-Evently/Pods-Evently-frameworks-${CONFIGURATION}-output-files.xcfilelist",
			);
			runOnlyForDeploymentPostprocessing = 0;
			shellPath = /bin/sh;
			shellScript = "\"${PODS_ROOT}/Target Support Files/Pods-Evently/Pods-Evently-frameworks.sh\"\n";
			showEnvVarsInLog = 0;
		};
		E5CD1CEF36F51C2CEE47E553 /* [CP] Check Pods Manifest.lock */ = {
			isa = PBXShellScriptBuildPhase;
			buildActionMask = 2147483647;
			files = (
			);
			inputFileListPaths = (
			);
			inputPaths = (
				"${PODS_PODFILE_DIR_PATH}/Podfile.lock",
				"${PODS_ROOT}/Manifest.lock",
			);
			name = "[CP] Check Pods Manifest.lock";
			outputFileListPaths = (
			);
			outputPaths = (
				"$(DERIVED_FILE_DIR)/Pods-EventlyTests-checkManifestLockResult.txt",
			);
			runOnlyForDeploymentPostprocessing = 0;
			shellPath = /bin/sh;
			shellScript = "diff \"${PODS_PODFILE_DIR_PATH}/Podfile.lock\" \"${PODS_ROOT}/Manifest.lock\" > /dev/null\nif [ $? != 0 ] ; then\n    # print error to STDERR\n    echo \"error: The sandbox is not in sync with the Podfile.lock. Run 'pod install' or update your CocoaPods installation.\" >&2\n    exit 1\nfi\n# This output is used by Xcode 'outputs' to avoid re-running this script phase.\necho \"SUCCESS\" > \"${SCRIPT_OUTPUT_FILE_0}\"\n";
			showEnvVarsInLog = 0;
		};
/* End PBXShellScriptBuildPhase section */

/* Begin PBXSourcesBuildPhase section */
		8C1222342581DD6B00ABF35F /* Sources */ = {
			isa = PBXSourcesBuildPhase;
			buildActionMask = 2147483647;
			files = (
				8C18484C2586894700F925B6 /* EventManager.swift in Sources */,
				8C50799A264C1897001E5600 /* DateTimeFormatter.swift in Sources */,
				8C1222402581DD6B00ABF35F /* EventViewController.swift in Sources */,
				8C92A11E25B4FA23007B1B42 /* EventCell.swift in Sources */,
				8C82A155258A8C76005CA9C6 /* MultiImageManager.swift in Sources */,
				8C12223C2581DD6B00ABF35F /* AppDelegate.swift in Sources */,
				8C12223E2581DD6B00ABF35F /* SceneDelegate.swift in Sources */,
				8C1848762586EAEE00F925B6 /* EventModel.swift in Sources */,
				8C1848392583341700F925B6 /* Constants.swift in Sources */,
				8C18484125867F9E00F925B6 /* EventData.swift in Sources */,
				8C72F0DC25B236B5007E3220 /* NetworkingProtocols.swift in Sources */,
			);
			runOnlyForDeploymentPostprocessing = 0;
		};
		8C12224A2581DD7000ABF35F /* Sources */ = {
			isa = PBXSourcesBuildPhase;
			buildActionMask = 2147483647;
			files = (
				8C72F0E425B23795007E3220 /* MockURLSessionDataTask.swift in Sources */,
				8C720AAB25A0E7A7008717EE /* MockURLSession.swift in Sources */,
				8C1222532581DD7000ABF35F /* EventManagerTests.swift in Sources */,
				8C3D3A4B264C5602002ECC13 /* DateTimeFormatterTests.swift in Sources */,
				8C3D3A4F264C5A15002ECC13 /* MockDateFormatter.swift in Sources */,
			);
			runOnlyForDeploymentPostprocessing = 0;
		};
		8C1222552581DD7000ABF35F /* Sources */ = {
			isa = PBXSourcesBuildPhase;
			buildActionMask = 2147483647;
			files = (
				8C50799726470B6D001E5600 /* EventCell.swift in Sources */,
				8C12225E2581DD7000ABF35F /* EventlyUITests.swift in Sources */,
			);
			runOnlyForDeploymentPostprocessing = 0;
		};
/* End PBXSourcesBuildPhase section */

/* Begin PBXTargetDependency section */
		8C1222502581DD7000ABF35F /* PBXTargetDependency */ = {
			isa = PBXTargetDependency;
			target = 8C1222372581DD6B00ABF35F /* Evently */;
			targetProxy = 8C12224F2581DD7000ABF35F /* PBXContainerItemProxy */;
		};
		8C12225B2581DD7000ABF35F /* PBXTargetDependency */ = {
			isa = PBXTargetDependency;
			target = 8C1222372581DD6B00ABF35F /* Evently */;
			targetProxy = 8C12225A2581DD7000ABF35F /* PBXContainerItemProxy */;
		};
/* End PBXTargetDependency section */

/* Begin PBXVariantGroup section */
		8C1222412581DD6B00ABF35F /* Main.storyboard */ = {
			isa = PBXVariantGroup;
			children = (
				8C1222422581DD6B00ABF35F /* Base */,
			);
			name = Main.storyboard;
			sourceTree = "<group>";
		};
		8C1222462581DD7000ABF35F /* LaunchScreen.storyboard */ = {
			isa = PBXVariantGroup;
			children = (
				8C1222472581DD7000ABF35F /* Base */,
			);
			name = LaunchScreen.storyboard;
			sourceTree = "<group>";
		};
/* End PBXVariantGroup section */

/* Begin XCBuildConfiguration section */
		8C1222602581DD7000ABF35F /* Debug */ = {
			isa = XCBuildConfiguration;
			buildSettings = {
				ALWAYS_SEARCH_USER_PATHS = NO;
				CLANG_ANALYZER_NONNULL = YES;
				CLANG_ANALYZER_NUMBER_OBJECT_CONVERSION = YES_AGGRESSIVE;
				CLANG_CXX_LANGUAGE_STANDARD = "gnu++14";
				CLANG_CXX_LIBRARY = "libc++";
				CLANG_ENABLE_MODULES = YES;
				CLANG_ENABLE_OBJC_ARC = YES;
				CLANG_ENABLE_OBJC_WEAK = YES;
				CLANG_WARN_BLOCK_CAPTURE_AUTORELEASING = YES;
				CLANG_WARN_BOOL_CONVERSION = YES;
				CLANG_WARN_COMMA = YES;
				CLANG_WARN_CONSTANT_CONVERSION = YES;
				CLANG_WARN_DEPRECATED_OBJC_IMPLEMENTATIONS = YES;
				CLANG_WARN_DIRECT_OBJC_ISA_USAGE = YES_ERROR;
				CLANG_WARN_DOCUMENTATION_COMMENTS = YES;
				CLANG_WARN_EMPTY_BODY = YES;
				CLANG_WARN_ENUM_CONVERSION = YES;
				CLANG_WARN_INFINITE_RECURSION = YES;
				CLANG_WARN_INT_CONVERSION = YES;
				CLANG_WARN_NON_LITERAL_NULL_CONVERSION = YES;
				CLANG_WARN_OBJC_IMPLICIT_RETAIN_SELF = YES;
				CLANG_WARN_OBJC_LITERAL_CONVERSION = YES;
				CLANG_WARN_OBJC_ROOT_CLASS = YES_ERROR;
				CLANG_WARN_QUOTED_INCLUDE_IN_FRAMEWORK_HEADER = YES;
				CLANG_WARN_RANGE_LOOP_ANALYSIS = YES;
				CLANG_WARN_STRICT_PROTOTYPES = YES;
				CLANG_WARN_SUSPICIOUS_MOVE = YES;
				CLANG_WARN_UNGUARDED_AVAILABILITY = YES_AGGRESSIVE;
				CLANG_WARN_UNREACHABLE_CODE = YES;
				CLANG_WARN__DUPLICATE_METHOD_MATCH = YES;
				COPY_PHASE_STRIP = NO;
				DEBUG_INFORMATION_FORMAT = dwarf;
				ENABLE_STRICT_OBJC_MSGSEND = YES;
				ENABLE_TESTABILITY = YES;
				GCC_C_LANGUAGE_STANDARD = gnu11;
				GCC_DYNAMIC_NO_PIC = NO;
				GCC_NO_COMMON_BLOCKS = YES;
				GCC_OPTIMIZATION_LEVEL = 0;
				GCC_PREPROCESSOR_DEFINITIONS = (
					"DEBUG=1",
					"$(inherited)",
				);
				GCC_WARN_64_TO_32_BIT_CONVERSION = YES;
				GCC_WARN_ABOUT_RETURN_TYPE = YES_ERROR;
				GCC_WARN_UNDECLARED_SELECTOR = YES;
				GCC_WARN_UNINITIALIZED_AUTOS = YES_AGGRESSIVE;
				GCC_WARN_UNUSED_FUNCTION = YES;
				GCC_WARN_UNUSED_VARIABLE = YES;
				IPHONEOS_DEPLOYMENT_TARGET = 12.0;
				MTL_ENABLE_DEBUG_INFO = INCLUDE_SOURCE;
				MTL_FAST_MATH = YES;
				ONLY_ACTIVE_ARCH = YES;
				SDKROOT = iphoneos;
				SWIFT_ACTIVE_COMPILATION_CONDITIONS = DEBUG;
				SWIFT_OPTIMIZATION_LEVEL = "-Onone";
			};
			name = Debug;
		};
		8C1222612581DD7000ABF35F /* Release */ = {
			isa = XCBuildConfiguration;
			buildSettings = {
				ALWAYS_SEARCH_USER_PATHS = NO;
				CLANG_ANALYZER_NONNULL = YES;
				CLANG_ANALYZER_NUMBER_OBJECT_CONVERSION = YES_AGGRESSIVE;
				CLANG_CXX_LANGUAGE_STANDARD = "gnu++14";
				CLANG_CXX_LIBRARY = "libc++";
				CLANG_ENABLE_MODULES = YES;
				CLANG_ENABLE_OBJC_ARC = YES;
				CLANG_ENABLE_OBJC_WEAK = YES;
				CLANG_WARN_BLOCK_CAPTURE_AUTORELEASING = YES;
				CLANG_WARN_BOOL_CONVERSION = YES;
				CLANG_WARN_COMMA = YES;
				CLANG_WARN_CONSTANT_CONVERSION = YES;
				CLANG_WARN_DEPRECATED_OBJC_IMPLEMENTATIONS = YES;
				CLANG_WARN_DIRECT_OBJC_ISA_USAGE = YES_ERROR;
				CLANG_WARN_DOCUMENTATION_COMMENTS = YES;
				CLANG_WARN_EMPTY_BODY = YES;
				CLANG_WARN_ENUM_CONVERSION = YES;
				CLANG_WARN_INFINITE_RECURSION = YES;
				CLANG_WARN_INT_CONVERSION = YES;
				CLANG_WARN_NON_LITERAL_NULL_CONVERSION = YES;
				CLANG_WARN_OBJC_IMPLICIT_RETAIN_SELF = YES;
				CLANG_WARN_OBJC_LITERAL_CONVERSION = YES;
				CLANG_WARN_OBJC_ROOT_CLASS = YES_ERROR;
				CLANG_WARN_QUOTED_INCLUDE_IN_FRAMEWORK_HEADER = YES;
				CLANG_WARN_RANGE_LOOP_ANALYSIS = YES;
				CLANG_WARN_STRICT_PROTOTYPES = YES;
				CLANG_WARN_SUSPICIOUS_MOVE = YES;
				CLANG_WARN_UNGUARDED_AVAILABILITY = YES_AGGRESSIVE;
				CLANG_WARN_UNREACHABLE_CODE = YES;
				CLANG_WARN__DUPLICATE_METHOD_MATCH = YES;
				COPY_PHASE_STRIP = NO;
				DEBUG_INFORMATION_FORMAT = "dwarf-with-dsym";
				ENABLE_NS_ASSERTIONS = NO;
				ENABLE_STRICT_OBJC_MSGSEND = YES;
				GCC_C_LANGUAGE_STANDARD = gnu11;
				GCC_NO_COMMON_BLOCKS = YES;
				GCC_WARN_64_TO_32_BIT_CONVERSION = YES;
				GCC_WARN_ABOUT_RETURN_TYPE = YES_ERROR;
				GCC_WARN_UNDECLARED_SELECTOR = YES;
				GCC_WARN_UNINITIALIZED_AUTOS = YES_AGGRESSIVE;
				GCC_WARN_UNUSED_FUNCTION = YES;
				GCC_WARN_UNUSED_VARIABLE = YES;
				IPHONEOS_DEPLOYMENT_TARGET = 12.0;
				MTL_ENABLE_DEBUG_INFO = NO;
				MTL_FAST_MATH = YES;
				SDKROOT = iphoneos;
				SWIFT_COMPILATION_MODE = wholemodule;
				SWIFT_OPTIMIZATION_LEVEL = "-O";
				VALIDATE_PRODUCT = YES;
			};
			name = Release;
		};
		8C1222632581DD7000ABF35F /* Debug */ = {
			isa = XCBuildConfiguration;
			baseConfigurationReference = 8AE9671C4D6B7CEDD9617D30 /* Pods-Evently.debug.xcconfig */;
			buildSettings = {
				ASSETCATALOG_COMPILER_APPICON_NAME = AppIcon;
				ASSETCATALOG_COMPILER_GLOBAL_ACCENT_COLOR_NAME = AccentColor;
				CODE_SIGN_STYLE = Automatic;
				DEVELOPMENT_TEAM = 7HPJCDQKBD;
				INFOPLIST_FILE = Evently/Info.plist;
				LD_RUNPATH_SEARCH_PATHS = (
					"$(inherited)",
					"@executable_path/Frameworks",
				);
				PRODUCT_BUNDLE_IDENTIFIER = io.github.riccardt.Evently;
				PRODUCT_NAME = "$(TARGET_NAME)";
				SWIFT_VERSION = 5.0;
				TARGETED_DEVICE_FAMILY = "1,2";
			};
			name = Debug;
		};
		8C1222642581DD7000ABF35F /* Release */ = {
			isa = XCBuildConfiguration;
			baseConfigurationReference = 490916D6A713E238B2C16317 /* Pods-Evently.release.xcconfig */;
			buildSettings = {
				ASSETCATALOG_COMPILER_APPICON_NAME = AppIcon;
				ASSETCATALOG_COMPILER_GLOBAL_ACCENT_COLOR_NAME = AccentColor;
				CODE_SIGN_STYLE = Automatic;
				DEVELOPMENT_TEAM = 7HPJCDQKBD;
				INFOPLIST_FILE = Evently/Info.plist;
				LD_RUNPATH_SEARCH_PATHS = (
					"$(inherited)",
					"@executable_path/Frameworks",
				);
				PRODUCT_BUNDLE_IDENTIFIER = io.github.riccardt.Evently;
				PRODUCT_NAME = "$(TARGET_NAME)";
				SWIFT_VERSION = 5.0;
				TARGETED_DEVICE_FAMILY = "1,2";
			};
			name = Release;
		};
		8C1222662581DD7000ABF35F /* Debug */ = {
			isa = XCBuildConfiguration;
			baseConfigurationReference = 2BD30B08A9A778B6C9E07BF9 /* Pods-EventlyTests.debug.xcconfig */;
			buildSettings = {
				ALWAYS_EMBED_SWIFT_STANDARD_LIBRARIES = YES;
				BUNDLE_LOADER = "$(TEST_HOST)";
				CODE_SIGN_STYLE = Automatic;
				DEVELOPMENT_TEAM = 7HPJCDQKBD;
				INFOPLIST_FILE = EventlyTests/Info.plist;
				IPHONEOS_DEPLOYMENT_TARGET = 14.2;
				LD_RUNPATH_SEARCH_PATHS = (
					"$(inherited)",
					"@executable_path/Frameworks",
					"@loader_path/Frameworks",
				);
				PRODUCT_BUNDLE_IDENTIFIER = io.github.riccardt.EventlyTests;
				PRODUCT_NAME = "$(TARGET_NAME)";
				SWIFT_VERSION = 5.0;
				TARGETED_DEVICE_FAMILY = "1,2";
				TEST_HOST = "$(BUILT_PRODUCTS_DIR)/Evently.app/Evently";
			};
			name = Debug;
		};
		8C1222672581DD7000ABF35F /* Release */ = {
			isa = XCBuildConfiguration;
			baseConfigurationReference = DD97871629BCFC3F628C5141 /* Pods-EventlyTests.release.xcconfig */;
			buildSettings = {
				ALWAYS_EMBED_SWIFT_STANDARD_LIBRARIES = YES;
				BUNDLE_LOADER = "$(TEST_HOST)";
				CODE_SIGN_STYLE = Automatic;
				DEVELOPMENT_TEAM = 7HPJCDQKBD;
				INFOPLIST_FILE = EventlyTests/Info.plist;
				IPHONEOS_DEPLOYMENT_TARGET = 14.2;
				LD_RUNPATH_SEARCH_PATHS = (
					"$(inherited)",
					"@executable_path/Frameworks",
					"@loader_path/Frameworks",
				);
				PRODUCT_BUNDLE_IDENTIFIER = io.github.riccardt.EventlyTests;
				PRODUCT_NAME = "$(TARGET_NAME)";
				SWIFT_VERSION = 5.0;
				TARGETED_DEVICE_FAMILY = "1,2";
				TEST_HOST = "$(BUILT_PRODUCTS_DIR)/Evently.app/Evently";
			};
			name = Release;
		};
		8C1222692581DD7000ABF35F /* Debug */ = {
			isa = XCBuildConfiguration;
			baseConfigurationReference = 874ED60902F67502CAABD823 /* Pods-Evently-EventlyUITests.debug.xcconfig */;
			buildSettings = {
				ALWAYS_EMBED_SWIFT_STANDARD_LIBRARIES = YES;
				CODE_SIGN_STYLE = Automatic;
				DEVELOPMENT_TEAM = 7HPJCDQKBD;
				INFOPLIST_FILE = EventlyUITests/Info.plist;
				LD_RUNPATH_SEARCH_PATHS = (
					"$(inherited)",
					"@executable_path/Frameworks",
					"@loader_path/Frameworks",
				);
				PRODUCT_BUNDLE_IDENTIFIER = io.github.riccardt.EventlyUITests;
				PRODUCT_NAME = "$(TARGET_NAME)";
				SWIFT_VERSION = 5.0;
				TARGETED_DEVICE_FAMILY = "1,2";
				TEST_TARGET_NAME = Evently;
			};
			name = Debug;
		};
		8C12226A2581DD7000ABF35F /* Release */ = {
			isa = XCBuildConfiguration;
			baseConfigurationReference = AF8FFD1EC5792A5425CC868C /* Pods-Evently-EventlyUITests.release.xcconfig */;
			buildSettings = {
				ALWAYS_EMBED_SWIFT_STANDARD_LIBRARIES = YES;
				CODE_SIGN_STYLE = Automatic;
				DEVELOPMENT_TEAM = 7HPJCDQKBD;
				INFOPLIST_FILE = EventlyUITests/Info.plist;
				LD_RUNPATH_SEARCH_PATHS = (
					"$(inherited)",
					"@executable_path/Frameworks",
					"@loader_path/Frameworks",
				);
				PRODUCT_BUNDLE_IDENTIFIER = io.github.riccardt.EventlyUITests;
				PRODUCT_NAME = "$(TARGET_NAME)";
				SWIFT_VERSION = 5.0;
				TARGETED_DEVICE_FAMILY = "1,2";
				TEST_TARGET_NAME = Evently;
			};
			name = Release;
		};
/* End XCBuildConfiguration section */

/* Begin XCConfigurationList section */
		8C1222332581DD6B00ABF35F /* Build configuration list for PBXProject "Evently" */ = {
			isa = XCConfigurationList;
			buildConfigurations = (
				8C1222602581DD7000ABF35F /* Debug */,
				8C1222612581DD7000ABF35F /* Release */,
			);
			defaultConfigurationIsVisible = 0;
			defaultConfigurationName = Release;
		};
		8C1222622581DD7000ABF35F /* Build configuration list for PBXNativeTarget "Evently" */ = {
			isa = XCConfigurationList;
			buildConfigurations = (
				8C1222632581DD7000ABF35F /* Debug */,
				8C1222642581DD7000ABF35F /* Release */,
			);
			defaultConfigurationIsVisible = 0;
			defaultConfigurationName = Release;
		};
		8C1222652581DD7000ABF35F /* Build configuration list for PBXNativeTarget "EventlyTests" */ = {
			isa = XCConfigurationList;
			buildConfigurations = (
				8C1222662581DD7000ABF35F /* Debug */,
				8C1222672581DD7000ABF35F /* Release */,
			);
			defaultConfigurationIsVisible = 0;
			defaultConfigurationName = Release;
		};
		8C1222682581DD7000ABF35F /* Build configuration list for PBXNativeTarget "EventlyUITests" */ = {
			isa = XCConfigurationList;
			buildConfigurations = (
				8C1222692581DD7000ABF35F /* Debug */,
				8C12226A2581DD7000ABF35F /* Release */,
			);
			defaultConfigurationIsVisible = 0;
			defaultConfigurationName = Release;
		};
/* End XCConfigurationList section */
	};
	rootObject = 8C1222302581DD6B00ABF35F /* Project object */;
}
